// !$*UTF8*$!
{
	archiveVersion = 1;
	classes = {
	};
	objectVersion = 46;
	objects = {

/* Begin PBXBuildFile section */
		C553F21D19EF2207002AFC6D /* AppDelegate.swift in Sources */ = {isa = PBXBuildFile; fileRef = C553F21C19EF2207002AFC6D /* AppDelegate.swift */; };
		C553F21F19EF2207002AFC6D /* ViewController.swift in Sources */ = {isa = PBXBuildFile; fileRef = C553F21E19EF2207002AFC6D /* ViewController.swift */; };
		C553F22219EF2207002AFC6D /* Main.storyboard in Resources */ = {isa = PBXBuildFile; fileRef = C553F22019EF2207002AFC6D /* Main.storyboard */; };
		C553F22419EF2207002AFC6D /* Images.xcassets in Resources */ = {isa = PBXBuildFile; fileRef = C553F22319EF2207002AFC6D /* Images.xcassets */; };
		C553F22719EF2207002AFC6D /* LaunchScreen.xib in Resources */ = {isa = PBXBuildFile; fileRef = C553F22519EF2207002AFC6D /* LaunchScreen.xib */; };
		C553F23319EF2207002AFC6D /* SuramTests.swift in Sources */ = {isa = PBXBuildFile; fileRef = C553F23219EF2207002AFC6D /* SuramTests.swift */; };
		C553F23F19EF22A1002AFC6D /* statueofliberty.jpg in Resources */ = {isa = PBXBuildFile; fileRef = C553F23C19EF22A1002AFC6D /* statueofliberty.jpg */; };
		C553F24019EF22A1002AFC6D /* ourladiesofrockies.jpg in Resources */ = {isa = PBXBuildFile; fileRef = C553F23D19EF22A1002AFC6D /* ourladiesofrockies.jpg */; };
		C553F24119EF22A1002AFC6D /* buchtel.jpg in Resources */ = {isa = PBXBuildFile; fileRef = C553F23E19EF22A1002AFC6D /* buchtel.jpg */; };
		C553F24319EF231A002AFC6D /* statueinfo.plist in Resources */ = {isa = PBXBuildFile; fileRef = C553F24219EF231A002AFC6D /* statueinfo.plist */; };
		C553F24519EF285B002AFC6D /* image2ViewController.swift in Sources */ = {isa = PBXBuildFile; fileRef = C553F24419EF285B002AFC6D /* image2ViewController.swift */; };
		C553F24719EF2A70002AFC6D /* image3ViewController.swift in Sources */ = {isa = PBXBuildFile; fileRef = C553F24619EF2A70002AFC6D /* image3ViewController.swift */; };
/* End PBXBuildFile section */

/* Begin PBXContainerItemProxy section */
		C553F22D19EF2207002AFC6D /* PBXContainerItemProxy */ = {
			isa = PBXContainerItemProxy;
			containerPortal = C553F20F19EF2207002AFC6D /* Project object */;
			proxyType = 1;
			remoteGlobalIDString = C553F21619EF2207002AFC6D;
			remoteInfo = Suram;
		};
/* End PBXContainerItemProxy section */

/* Begin PBXFileReference section */
		C553F21719EF2207002AFC6D /* Suram.app */ = {isa = PBXFileReference; explicitFileType = wrapper.application; includeInIndex = 0; path = Suram.app; sourceTree = BUILT_PRODUCTS_DIR; };
		C553F21B19EF2207002AFC6D /* Info.plist */ = {isa = PBXFileReference; lastKnownFileType = text.plist.xml; path = Info.plist; sourceTree = "<group>"; };
		C553F21C19EF2207002AFC6D /* AppDelegate.swift */ = {isa = PBXFileReference; lastKnownFileType = sourcecode.swift; path = AppDelegate.swift; sourceTree = "<group>"; };
		C553F21E19EF2207002AFC6D /* ViewController.swift */ = {isa = PBXFileReference; lastKnownFileType = sourcecode.swift; path = ViewController.swift; sourceTree = "<group>"; };
		C553F22119EF2207002AFC6D /* Base */ = {isa = PBXFileReference; lastKnownFileType = file.storyboard; name = Base; path = Base.lproj/Main.storyboard; sourceTree = "<group>"; };
		C553F22319EF2207002AFC6D /* Images.xcassets */ = {isa = PBXFileReference; lastKnownFileType = folder.assetcatalog; path = Images.xcassets; sourceTree = "<group>"; };
		C553F22619EF2207002AFC6D /* Base */ = {isa = PBXFileReference; lastKnownFileType = file.xib; name = Base; path = Base.lproj/LaunchScreen.xib; sourceTree = "<group>"; };
		C553F22C19EF2207002AFC6D /* SuramTests.xctest */ = {isa = PBXFileReference; explicitFileType = wrapper.cfbundle; includeInIndex = 0; path = SuramTests.xctest; sourceTree = BUILT_PRODUCTS_DIR; };
		C553F23119EF2207002AFC6D /* Info.plist */ = {isa = PBXFileReference; lastKnownFileType = text.plist.xml; path = Info.plist; sourceTree = "<group>"; };
		C553F23219EF2207002AFC6D /* SuramTests.swift */ = {isa = PBXFileReference; lastKnownFileType = sourcecode.swift; path = SuramTests.swift; sourceTree = "<group>"; };
		C553F23C19EF22A1002AFC6D /* statueofliberty.jpg */ = {isa = PBXFileReference; lastKnownFileType = image.jpeg; path = statueofliberty.jpg; sourceTree = "<group>"; };
		C553F23D19EF22A1002AFC6D /* ourladiesofrockies.jpg */ = {isa = PBXFileReference; lastKnownFileType = image.jpeg; path = ourladiesofrockies.jpg; sourceTree = "<group>"; };
		C553F23E19EF22A1002AFC6D /* buchtel.jpg */ = {isa = PBXFileReference; lastKnownFileType = image.jpeg; path = buchtel.jpg; sourceTree = "<group>"; };
		C553F24219EF231A002AFC6D /* statueinfo.plist */ = {isa = PBXFileReference; fileEncoding = 4; lastKnownFileType = text.plist.xml; path = statueinfo.plist; sourceTree = "<group>"; };
		C553F24419EF285B002AFC6D /* image2ViewController.swift */ = {isa = PBXFileReference; fileEncoding = 4; lastKnownFileType = sourcecode.swift; path = image2ViewController.swift; sourceTree = "<group>"; };
		C553F24619EF2A70002AFC6D /* image3ViewController.swift */ = {isa = PBXFileReference; fileEncoding = 4; lastKnownFileType = sourcecode.swift; path = image3ViewController.swift; sourceTree = "<group>"; };
/* End PBXFileReference section */

/* Begin PBXFrameworksBuildPhase section */
		C553F21419EF2207002AFC6D /* Frameworks */ = {
			isa = PBXFrameworksBuildPhase;
			buildActionMask = 2147483647;
			files = (
			);
			runOnlyForDeploymentPostprocessing = 0;
		};
		C553F22919EF2207002AFC6D /* Frameworks */ = {
			isa = PBXFrameworksBuildPhase;
			buildActionMask = 2147483647;
			files = (
			);
			runOnlyForDeploymentPostprocessing = 0;
		};
/* End PBXFrameworksBuildPhase section */

/* Begin PBXGroup section */
		C553F20E19EF2207002AFC6D = {
			isa = PBXGroup;
			children = (
				C553F21919EF2207002AFC6D /* Suram */,
				C553F22F19EF2207002AFC6D /* SuramTests */,
				C553F21819EF2207002AFC6D /* Products */,
			);
			sourceTree = "<group>";
		};
		C553F21819EF2207002AFC6D /* Products */ = {
			isa = PBXGroup;
			children = (
				C553F21719EF2207002AFC6D /* Suram.app */,
				C553F22C19EF2207002AFC6D /* SuramTests.xctest */,
			);
			name = Products;
			sourceTree = "<group>";
		};
		C553F21919EF2207002AFC6D /* Suram */ = {
			isa = PBXGroup;
			children = (
				C553F21C19EF2207002AFC6D /* AppDelegate.swift */,
				C553F21E19EF2207002AFC6D /* ViewController.swift */,
				C553F24419EF285B002AFC6D /* image2ViewController.swift */,
				C553F24619EF2A70002AFC6D /* image3ViewController.swift */,
				C553F22019EF2207002AFC6D /* Main.storyboard */,
				C553F22319EF2207002AFC6D /* Images.xcassets */,
				C553F22519EF2207002AFC6D /* LaunchScreen.xib */,
				C553F21A19EF2207002AFC6D /* Supporting Files */,
			);
			path = Suram;
			sourceTree = "<group>";
		};
		C553F21A19EF2207002AFC6D /* Supporting Files */ = {
			isa = PBXGroup;
			children = (
				C553F23C19EF22A1002AFC6D /* statueofliberty.jpg */,
				C553F23D19EF22A1002AFC6D /* ourladiesofrockies.jpg */,
				C553F23E19EF22A1002AFC6D /* buchtel.jpg */,
				C553F21B19EF2207002AFC6D /* Info.plist */,
				C553F24219EF231A002AFC6D /* statueinfo.plist */,
			);
			name = "Supporting Files";
			sourceTree = "<group>";
		};
		C553F22F19EF2207002AFC6D /* SuramTests */ = {
			isa = PBXGroup;
			children = (
				C553F23219EF2207002AFC6D /* SuramTests.swift */,
				C553F23019EF2207002AFC6D /* Supporting Files */,
			);
			path = SuramTests;
			sourceTree = "<group>";
		};
		C553F23019EF2207002AFC6D /* Supporting Files */ = {
			isa = PBXGroup;
			children = (
				C553F23119EF2207002AFC6D /* Info.plist */,
			);
			name = "Supporting Files";
			sourceTree = "<group>";
		};
/* End PBXGroup section */

/* Begin PBXNativeTarget section */
		C553F21619EF2207002AFC6D /* Suram */ = {
			isa = PBXNativeTarget;
			buildConfigurationList = C553F23619EF2207002AFC6D /* Build configuration list for PBXNativeTarget "Suram" */;
			buildPhases = (
				C553F21319EF2207002AFC6D /* Sources */,
				C553F21419EF2207002AFC6D /* Frameworks */,
				C553F21519EF2207002AFC6D /* Resources */,
			);
			buildRules = (
			);
			dependencies = (
			);
			name = Suram;
			productName = Suram;
			productReference = C553F21719EF2207002AFC6D /* Suram.app */;
			productType = "com.apple.product-type.application";
		};
		C553F22B19EF2207002AFC6D /* SuramTests */ = {
			isa = PBXNativeTarget;
			buildConfigurationList = C553F23919EF2207002AFC6D /* Build configuration list for PBXNativeTarget "SuramTests" */;
			buildPhases = (
				C553F22819EF2207002AFC6D /* Sources */,
				C553F22919EF2207002AFC6D /* Frameworks */,
				C553F22A19EF2207002AFC6D /* Resources */,
			);
			buildRules = (
			);
			dependencies = (
				C553F22E19EF2207002AFC6D /* PBXTargetDependency */,
			);
			name = SuramTests;
			productName = SuramTests;
			productReference = C553F22C19EF2207002AFC6D /* SuramTests.xctest */;
			productType = "com.apple.product-type.bundle.unit-test";
		};
/* End PBXNativeTarget section */

/* Begin PBXProject section */
		C553F20F19EF2207002AFC6D /* Project object */ = {
			isa = PBXProject;
			attributes = {
				LastUpgradeCheck = 0600;
				ORGANIZATIONNAME = "Kavya Suram";
				TargetAttributes = {
					C553F21619EF2207002AFC6D = {
						CreatedOnToolsVersion = 6.0.1;
					};
					C553F22B19EF2207002AFC6D = {
						CreatedOnToolsVersion = 6.0.1;
						TestTargetID = C553F21619EF2207002AFC6D;
					};
				};
			};
			buildConfigurationList = C553F21219EF2207002AFC6D /* Build configuration list for PBXProject "Suram" */;
			compatibilityVersion = "Xcode 3.2";
			developmentRegion = English;
			hasScannedForEncodings = 0;
			knownRegions = (
				en,
				Base,
			);
			mainGroup = C553F20E19EF2207002AFC6D;
			productRefGroup = C553F21819EF2207002AFC6D /* Products */;
			projectDirPath = "";
			projectRoot = "";
			targets = (
				C553F21619EF2207002AFC6D /* Suram */,
				C553F22B19EF2207002AFC6D /* SuramTests */,
			);
		};
/* End PBXProject section */

/* Begin PBXResourcesBuildPhase section */
		C553F21519EF2207002AFC6D /* Resources */ = {
			isa = PBXResourcesBuildPhase;
			buildActionMask = 2147483647;
			files = (
				C553F24019EF22A1002AFC6D /* ourladiesofrockies.jpg in Resources */,
				C553F24319EF231A002AFC6D /* statueinfo.plist in Resources */,
				C553F24119EF22A1002AFC6D /* buchtel.jpg in Resources */,
				C553F23F19EF22A1002AFC6D /* statueofliberty.jpg in Resources */,
				C553F22219EF2207002AFC6D /* Main.storyboard in Resources */,
				C553F22719EF2207002AFC6D /* LaunchScreen.xib in Resources */,
				C553F22419EF2207002AFC6D /* Images.xcassets in Resources */,
			);
			runOnlyForDeploymentPostprocessing = 0;
		};
		C553F22A19EF2207002AFC6D /* Resources */ = {
			isa = PBXResourcesBuildPhase;
			buildActionMask = 2147483647;
			files = (
			);
			runOnlyForDeploymentPostprocessing = 0;
		};
/* End PBXResourcesBuildPhase section */

/* Begin PBXSourcesBuildPhase section */
		C553F21319EF2207002AFC6D /* Sources */ = {
			isa = PBXSourcesBuildPhase;
			buildActionMask = 2147483647;
			files = (
				C553F24519EF285B002AFC6D /* image2ViewController.swift in Sources */,
				C553F21F19EF2207002AFC6D /* ViewController.swift in Sources */,
				C553F24719EF2A70002AFC6D /* image3ViewController.swift in Sources */,
				C553F21D19EF2207002AFC6D /* AppDelegate.swift in Sources */,
			);
			runOnlyForDeploymentPostprocessing = 0;
		};
		C553F22819EF2207002AFC6D /* Sources */ = {
			isa = PBXSourcesBuildPhase;
			buildActionMask = 2147483647;
			files = (
				C553F23319EF2207002AFC6D /* SuramTests.swift in Sources */,
			);
			runOnlyForDeploymentPostprocessing = 0;
		};
/* End PBXSourcesBuildPhase section */

/* Begin PBXTargetDependency section */
		C553F22E19EF2207002AFC6D /* PBXTargetDependency */ = {
			isa = PBXTargetDependency;
			target = C553F21619EF2207002AFC6D /* Suram */;
			targetProxy = C553F22D19EF2207002AFC6D /* PBXContainerItemProxy */;
		};
/* End PBXTargetDependency section */

/* Begin PBXVariantGroup section */
		C553F22019EF2207002AFC6D /* Main.storyboard */ = {
			isa = PBXVariantGroup;
			children = (
				C553F22119EF2207002AFC6D /* Base */,
			);
			name = Main.storyboard;
			sourceTree = "<group>";
		};
		C553F22519EF2207002AFC6D /* LaunchScreen.xib */ = {
			isa = PBXVariantGroup;
			children = (
				C553F22619EF2207002AFC6D /* Base */,
			);
			name = LaunchScreen.xib;
			sourceTree = "<group>";
		};
/* End PBXVariantGroup section */

/* Begin XCBuildConfiguration section */
		C553F23419EF2207002AFC6D /* Debug */ = {
			isa = XCBuildConfiguration;
			buildSettings = {
				ALWAYS_SEARCH_USER_PATHS = NO;
				CLANG_CXX_LANGUAGE_STANDARD = "gnu++0x";
				CLANG_CXX_LIBRARY = "libc++";
				CLANG_ENABLE_MODULES = YES;
				CLANG_ENABLE_OBJC_ARC = YES;
				CLANG_WARN_BOOL_CONVERSION = YES;
				CLANG_WARN_CONSTANT_CONVERSION = YES;
				CLANG_WARN_DIRECT_OBJC_ISA_USAGE = YES_ERROR;
				CLANG_WARN_EMPTY_BODY = YES;
				CLANG_WARN_ENUM_CONVERSION = YES;
				CLANG_WARN_INT_CONVERSION = YES;
				CLANG_WARN_OBJC_ROOT_CLASS = YES_ERROR;
				CLANG_WARN_UNREACHABLE_CODE = YES;
				CLANG_WARN__DUPLICATE_METHOD_MATCH = YES;
				"CODE_SIGN_IDENTITY[sdk=iphoneos*]" = "iPhone Developer";
				COPY_PHASE_STRIP = NO;
				ENABLE_STRICT_OBJC_MSGSEND = YES;
				GCC_C_LANGUAGE_STANDARD = gnu99;
				GCC_DYNAMIC_NO_PIC = NO;
				GCC_OPTIMIZATION_LEVEL = 0;
				GCC_PREPROCESSOR_DEFINITIONS = (
					"DEBUG=1",
					"$(inherited)",
				);
				GCC_SYMBOLS_PRIVATE_EXTERN = NO;
				GCC_WARN_64_TO_32_BIT_CONVERSION = YES;
				GCC_WARN_ABOUT_RETURN_TYPE = YES_ERROR;
				GCC_WARN_UNDECLARED_SELECTOR = YES;
				GCC_WARN_UNINITIALIZED_AUTOS = YES_AGGRESSIVE;
				GCC_WARN_UNUSED_FUNCTION = YES;
				GCC_WARN_UNUSED_VARIABLE = YES;
				IPHONEOS_DEPLOYMENT_TARGET = 8.0;
				MTL_ENABLE_DEBUG_INFO = YES;
				ONLY_ACTIVE_ARCH = YES;
				SDKROOT = iphoneos;
				SWIFT_OPTIMIZATION_LEVEL = "-Onone";
			};
			name = Debug;
		};
		C553F23519EF2207002AFC6D /* Release */ = {
			isa = XCBuildConfiguration;
			buildSettings = {
				ALWAYS_SEARCH_USER_PATHS = NO;
				CLANG_CXX_LANGUAGE_STANDARD = "gnu++0x";
				CLANG_CXX_LIBRARY = "libc++";
				CLANG_ENABLE_MODULES = YES;
				CLANG_ENABLE_OBJC_ARC = YES;
				CLANG_WARN_BOOL_CONVERSION = YES;
				CLANG_WARN_CONSTANT_CONVERSION = YES;
				CLANG_WARN_DIRECT_OBJC_ISA_USAGE = YES_ERROR;
				CLANG_WARN_EMPTY_BODY = YES;
				CLANG_WARN_ENUM_CONVERSION = YES;
				CLANG_WARN_INT_CONVERSION = YES;
				CLANG_WARN_OBJC_ROOT_CLASS = YES_ERROR;
				CLANG_WARN_UNREACHABLE_CODE = YES;
				CLANG_WARN__DUPLICATE_METHOD_MATCH = YES;
				"CODE_SIGN_IDENTITY[sdk=iphoneos*]" = "iPhone Developer";
				COPY_PHASE_STRIP = YES;
				ENABLE_NS_ASSERTIONS = NO;
				ENABLE_STRICT_OBJC_MSGSEND = YES;
				GCC_C_LANGUAGE_STANDARD = gnu99;
				GCC_WARN_64_TO_32_BIT_CONVERSION = YES;
				GCC_WARN_ABOUT_RETURN_TYPE = YES_ERROR;
				GCC_WARN_UNDECLARED_SELECTOR = YES;
				GCC_WARN_UNINITIALIZED_AUTOS = YES_AGGRESSIVE;
				GCC_WARN_UNUSED_FUNCTION = YES;
				GCC_WARN_UNUSED_VARIABLE = YES;
				IPHONEOS_DEPLOYMENT_TARGET = 8.0;
				MTL_ENABLE_DEBUG_INFO = NO;
				SDKROOT = iphoneos;
				VALIDATE_PRODUCT = YES;
			};
			name = Release;
		};
		C553F23719EF2207002AFC6D /* Debug */ = {
			isa = XCBuildConfiguration;
			buildSettings = {
				ASSETCATALOG_COMPILER_APPICON_NAME = AppIcon;
				INFOPLIST_FILE = Suram/Info.plist;
				LD_RUNPATH_SEARCH_PATHS = "$(inherited) @executable_path/Frameworks";
				PRODUCT_NAME = "$(TARGET_NAME)";
			};
			name = Debug;
		};
		C553F23819EF2207002AFC6D /* Release */ = {
			isa = XCBuildConfiguration;
			buildSettings = {
				ASSETCATALOG_COMPILER_APPICON_NAME = AppIcon;
				INFOPLIST_FILE = Suram/Info.plist;
				LD_RUNPATH_SEARCH_PATHS = "$(inherited) @executable_path/Frameworks";
				PRODUCT_NAME = "$(TARGET_NAME)";
			};
			name = Release;
		};
		C553F23A19EF2207002AFC6D /* Debug */ = {
			isa = XCBuildConfiguration;
			buildSettings = {
				BUNDLE_LOADER = "$(TEST_HOST)";
				FRAMEWORK_SEARCH_PATHS = (
					"$(SDKROOT)/Developer/Library/Frameworks",
					"$(inherited)",
				);
				GCC_PREPROCESSOR_DEFINITIONS = (
					"DEBUG=1",
					"$(inherited)",
				);
				INFOPLIST_FILE = SuramTests/Info.plist;
				LD_RUNPATH_SEARCH_PATHS = "$(inherited) @executable_path/Frameworks @loader_path/Frameworks";
				PRODUCT_NAME = "$(TARGET_NAME)";
				TEST_HOST = "$(BUILT_PRODUCTS_DIR)/Suram.app/Suram";
			};
			name = Debug;
		};
		C553F23B19EF2207002AFC6D /* Release */ = {
			isa = XCBuildConfiguration;
			buildSettings = {
				BUNDLE_LOADER = "$(TEST_HOST)";
				FRAMEWORK_SEARCH_PATHS = (
					"$(SDKROOT)/Developer/Library/Frameworks",
					"$(inherited)",
				);
				INFOPLIST_FILE = SuramTests/Info.plist;
				LD_RUNPATH_SEARCH_PATHS = "$(inherited) @executable_path/Frameworks @loader_path/Frameworks";
				PRODUCT_NAME = "$(TARGET_NAME)";
				TEST_HOST = "$(BUILT_PRODUCTS_DIR)/Suram.app/Suram";
			};
			name = Release;
		};
/* End XCBuildConfiguration section */

/* Begin XCConfigurationList section */
		C553F21219EF2207002AFC6D /* Build configuration list for PBXProject "Suram" */ = {
			isa = XCConfigurationList;
			buildConfigurations = (
				C553F23419EF2207002AFC6D /* Debug */,
				C553F23519EF2207002AFC6D /* Release */,
			);
			defaultConfigurationIsVisible = 0;
			defaultConfigurationName = Release;
		};
		C553F23619EF2207002AFC6D /* Build configuration list for PBXNativeTarget "Suram" */ = {
			isa = XCConfigurationList;
			buildConfigurations = (
				C553F23719EF2207002AFC6D /* Debug */,
				C553F23819EF2207002AFC6D /* Release */,
			);
			defaultConfigurationIsVisible = 0;
		};
		C553F23919EF2207002AFC6D /* Build configuration list for PBXNativeTarget "SuramTests" */ = {
			isa = XCConfigurationList;
			buildConfigurations = (
				C553F23A19EF2207002AFC6D /* Debug */,
				C553F23B19EF2207002AFC6D /* Release */,
			);
			defaultConfigurationIsVisible = 0;
		};
/* End XCConfigurationList section */
	};
	rootObject = C553F20F19EF2207002AFC6D /* Project object */;
}
